PODS:
  - Alamofire (4.5.0)
  - BMPlayer (0.8.7):
    - BMPlayer/Full (= 0.8.7)
  - BMPlayer/Core (0.8.7)
  - BMPlayer/Full (0.8.7):
    - BMPlayer/Core
    - NVActivityIndicatorView (~> 3.5)
    - SnapKit (~> 3.2)
  - IBAnimatable (4.1.0)
  - Kingfisher (3.10.4)
  - LeanCloud (10.1.0):
    - LeanCloud/Storage (= 10.1.0)
  - LeanCloud/Storage (10.1.0):
    - Alamofire (~> 4.5)
  - MJRefresh (3.1.12)
  - NVActivityIndicatorView (3.7.0):
    - NVActivityIndicatorView/Presenter (= 3.7.0)
  - NVActivityIndicatorView/Presenter (3.7.0)
  - RxCocoa (3.6.1):
    - RxSwift (~> 3.6)
  - RxSwift (3.6.1)
  - SnapKit (3.2.0)
  - SVProgressHUD (2.1.2)
  - SwiftTheme (0.3.3)
  - SwiftyJSON (3.1.4)

DEPENDENCIES:
  - Alamofire (~> 4.5.0)
  - BMPlayer
  - IBAnimatable
  - Kingfisher (~> 3.10.4)
  - LeanCloud (~> 10.1.0)
  - MJRefresh
  - RxCocoa (~> 3.6.1)
  - RxSwift (~> 3.6.1)
  - SnapKit (~> 3.2.0)
  - SVProgressHUD (~> 2.1.2)
  - SwiftTheme
  - SwiftyJSON (~> 3.1.4)

SPEC CHECKSUMS:
  Alamofire: f28cdffd29de33a7bfa022cbd63ae95a27fae140
  BMPlayer: 5ba9e3f3d61ccc5a24ebd9cdc24901dcf28c98bc
  IBAnimatable: 0fd2c9fd38c4798d71bcc18dbd87d473a7df2577
  Kingfisher: dc3a4983e86d2dfa89513664983a82340c11a289
  LeanCloud: 2a6ac9da4fcf4b6b26f519d05a31998ddc59223a
  MJRefresh: b96cdb21c4aa75a7b07654311ab2f315c497e806
  NVActivityIndicatorView: d3738df7e2e476aca0ba6bf32a8c9fbcfc33d64b
  RxCocoa: 84a08739ab186248c7f31ce4ee92d6f8a947d690
  RxSwift: f9de85ea20cd2f7716ee5409fc13523dc638e4e4
  SnapKit: 1ca44df72cfa543218d177cb8aab029d10d86ea7
  SVProgressHUD: c404a55d78acbeb7ebb78b76d3faf986475a6994
  SwiftTheme: 85f84747a48749b5b3df7c3e96fc0b1d45677d30
  SwiftyJSON: c2842d878f95482ffceec5709abc3d05680c0220

PODFILE CHECKSUM: 9b5f03f5b20371885f5d5a753095a130300e2fa3

COCOAPODS: 1.2.0.rc.1
